
Microsoft Visual Studio Solution File, Format Version 12.00
# Visual Studio Version 17
VisualStudioVersion = 17.7.34221.43
MinimumVisualStudioVersion = 10.0.40219.1
Project("{FAE04EC0-301F-11D3-BF4B-00C04F79EFBC}") = "GameChat", "GameChat.csproj", "{9260F888-128C-411D-AAC1-05E4996DE2F3}"
EndProject
Global
	GlobalSection(SolutionConfigurationPlatforms) = preSolution
		Debug|Any CPU = Debug|Any CPU
		Release|Any CPU = Release|Any CPU
	EndGlobalSection
	GlobalSection(ProjectConfigurationPlatforms) = postSolution
		{9260F888-128C-411D-AAC1-05E4996DE2F3}.Debug|Any CPU.ActiveCfg = Debug|Any CPU
		{9260F888-128C-411D-AAC1-05E4996DE2F3}.Debug|Any CPU.Build.0 = Debug|Any CPU
		{9260F888-128C-411D-AAC1-05E4996DE2F3}.Release|Any CPU.ActiveCfg = Release|Any CPU
		{9260F888-128C-411D-AAC1-05E4996DE2F3}.Release|Any CPU.Build.0 = Release|Any CPU
	EndGlobalSection
	GlobalSection(SolutionProperties) = preSolution
		HideSolutionNode = FALSE
	EndGlobalSection
	GlobalSection(ExtensibilityGlobals) = postSolution
		SolutionGuid = {4DA54334-92B2-4CCF-A335-7B4BF32C7231}
	EndGlobalSection
EndGlobal
